
Microsoft Visual Studio Solution File, Format Version 12.00
# Visual Studio Version 16
VisualStudioVersion = 16.0.29326.143
MinimumVisualStudioVersion = 10.0.40219.1
Project("{9A19103F-16F7-4668-BE54-9A1E7A4F7556}") = "CoreAngular.API", "CoreAngular.API\CoreAngular.API.csproj", "{21F29C39-B68D-422F-B303-632D3826EAE6}"
EndProject
Project("{E24C65DC-7377-472B-9ABA-BC803B73C61A}") = "CoreAngular.UI", "..\CoreAngular.UI\", "{90BFC135-02E6-495D-B822-E7369E8F5016}"
	ProjectSection(WebsiteProperties) = preProject
		TargetFrameworkMoniker = ".NETFramework,Version%3Dv4.0"
		Debug.AspNetCompiler.VirtualPath = "/localhost_55972"
		Debug.AspNetCompiler.PhysicalPath = "..\CoreAngular.UI\"
		Debug.AspNetCompiler.TargetPath = "PrecompiledWeb\localhost_55972\"
		Debug.AspNetCompiler.Updateable = "true"
		Debug.AspNetCompiler.ForceOverwrite = "true"
		Debug.AspNetCompiler.FixedNames = "false"
		Debug.AspNetCompiler.Debug = "True"
		Release.AspNetCompiler.VirtualPath = "/localhost_55972"
		Release.AspNetCompiler.PhysicalPath = "..\CoreAngular.UI\"
		Release.AspNetCompiler.TargetPath = "PrecompiledWeb\localhost_55972\"
		Release.AspNetCompiler.Updateable = "true"
		Release.AspNetCompiler.ForceOverwrite = "true"
		Release.AspNetCompiler.FixedNames = "false"
		Release.AspNetCompiler.Debug = "False"
		VWDPort = "55972"
		SlnRelativePath = "..\CoreAngular.UI\"
	EndProjectSection
EndProject
Global
	GlobalSection(SolutionConfigurationPlatforms) = preSolution
		Debug|Any CPU = Debug|Any CPU
		Release|Any CPU = Release|Any CPU
	EndGlobalSection
	GlobalSection(ProjectConfigurationPlatforms) = postSolution
		{21F29C39-B68D-422F-B303-632D3826EAE6}.Debug|Any CPU.ActiveCfg = Debug|Any CPU
		{21F29C39-B68D-422F-B303-632D3826EAE6}.Debug|Any CPU.Build.0 = Debug|Any CPU
		{21F29C39-B68D-422F-B303-632D3826EAE6}.Release|Any CPU.ActiveCfg = Release|Any CPU
		{21F29C39-B68D-422F-B303-632D3826EAE6}.Release|Any CPU.Build.0 = Release|Any CPU
		{90BFC135-02E6-495D-B822-E7369E8F5016}.Debug|Any CPU.ActiveCfg = Debug|Any CPU
		{90BFC135-02E6-495D-B822-E7369E8F5016}.Debug|Any CPU.Build.0 = Debug|Any CPU
		{90BFC135-02E6-495D-B822-E7369E8F5016}.Release|Any CPU.ActiveCfg = Debug|Any CPU
		{90BFC135-02E6-495D-B822-E7369E8F5016}.Release|Any CPU.Build.0 = Debug|Any CPU
	EndGlobalSection
	GlobalSection(SolutionProperties) = preSolution
		HideSolutionNode = FALSE
	EndGlobalSection
	GlobalSection(ExtensibilityGlobals) = postSolution
		SolutionGuid = {63FD53CB-96EB-4B3E-99E6-569DC88602E3}
	EndGlobalSection
EndGlobal
